
Microsoft Visual Studio Solution File, Format Version 12.00
# Visual Studio Version 17
VisualStudioVersion = 17.14.36518.9
MinimumVisualStudioVersion = 10.0.40219.1
Project("{FAE04EC0-301F-11D3-BF4B-00C04F79EFBC}") = "AP_Coursework_GUI", "AP_Coursework_GUI\AP_Coursework_GUI.csproj", "{37393A70-8100-4806-ABA7-57E35CB057B5}"
EndProject
Project("{F2A71F9B-5D33-465A-A702-920D77279786}") = "AP_Coursework", "..\AP_Coursework\AP_Coursework\AP_Coursework.fsproj", "{236BAD7C-45DA-5D63-1AC6-9905A8CF3360}"
EndProject
Global
	GlobalSection(SolutionConfigurationPlatforms) = preSolution
		Debug|Any CPU = Debug|Any CPU
		Release|Any CPU = Release|Any CPU
	EndGlobalSection
	GlobalSection(ProjectConfigurationPlatforms) = postSolution
		{37393A70-8100-4806-ABA7-57E35CB057B5}.Debug|Any CPU.ActiveCfg = Debug|Any CPU
		{37393A70-8100-4806-ABA7-57E35CB057B5}.Debug|Any CPU.Build.0 = Debug|Any CPU
		{37393A70-8100-4806-ABA7-57E35CB057B5}.Release|Any CPU.ActiveCfg = Release|Any CPU
		{37393A70-8100-4806-ABA7-57E35CB057B5}.Release|Any CPU.Build.0 = Release|Any CPU
		{236BAD7C-45DA-5D63-1AC6-9905A8CF3360}.Debug|Any CPU.ActiveCfg = Debug|Any CPU
		{236BAD7C-45DA-5D63-1AC6-9905A8CF3360}.Debug|Any CPU.Build.0 = Debug|Any CPU
		{236BAD7C-45DA-5D63-1AC6-9905A8CF3360}.Release|Any CPU.ActiveCfg = Release|Any CPU
		{236BAD7C-45DA-5D63-1AC6-9905A8CF3360}.Release|Any CPU.Build.0 = Release|Any CPU
	EndGlobalSection
	GlobalSection(SolutionProperties) = preSolution
		HideSolutionNode = FALSE
	EndGlobalSection
	GlobalSection(ExtensibilityGlobals) = postSolution
		SolutionGuid = {9419EDD7-D8EA-4BC9-895B-93DBA00BE6A4}
	EndGlobalSection
EndGlobal
